
Microsoft Visual Studio Solution File, Format Version 12.00
# Visual Studio Version 17
VisualStudioVersion = 17.8.34316.72
MinimumVisualStudioVersion = 10.0.40219.1
Project("{FAE04EC0-301F-11D3-BF4B-00C04F79EFBC}") = "sudoku.netcore", "sudoku.netcore\sudoku.netcore.csproj", "{23F7A8E9-C07F-4B86-BA99-A20F416F487C}"
EndProject
Global
	GlobalSection(SolutionConfigurationPlatforms) = preSolution
		Debug|Any CPU = Debug|Any CPU
		Release|Any CPU = Release|Any CPU
	EndGlobalSection
	GlobalSection(ProjectConfigurationPlatforms) = postSolution
		{23F7A8E9-C07F-4B86-BA99-A20F416F487C}.Debug|Any CPU.ActiveCfg = Debug|Any CPU
		{23F7A8E9-C07F-4B86-BA99-A20F416F487C}.Debug|Any CPU.Build.0 = Debug|Any CPU
		{23F7A8E9-C07F-4B86-BA99-A20F416F487C}.Release|Any CPU.ActiveCfg = Release|Any CPU
		{23F7A8E9-C07F-4B86-BA99-A20F416F487C}.Release|Any CPU.Build.0 = Release|Any CPU
	EndGlobalSection
	GlobalSection(SolutionProperties) = preSolution
		HideSolutionNode = FALSE
	EndGlobalSection
	GlobalSection(ExtensibilityGlobals) = postSolution
		SolutionGuid = {BDBD61B3-37F1-4CB0-AD2B-3796ABD38B20}
	EndGlobalSection
EndGlobal
